
Microsoft Visual Studio Solution File, Format Version 12.00
# Visual Studio Version 17
VisualStudioVersion = 17.5.33516.290
MinimumVisualStudioVersion = 10.0.40219.1
Project("{9A19103F-16F7-4668-BE54-9A1E7A4F7556}") = "BCSH2_Sem_prace_Chyska", "BCSH2_Sem_prace_Chyska.csproj", "{28420B46-B59E-4855-BB54-58CBEF3F610A}"
EndProject
Global
	GlobalSection(SolutionConfigurationPlatforms) = preSolution
		Debug|Any CPU = Debug|Any CPU
		Release|Any CPU = Release|Any CPU
	EndGlobalSection
	GlobalSection(ProjectConfigurationPlatforms) = postSolution
		{28420B46-B59E-4855-BB54-58CBEF3F610A}.Debug|Any CPU.ActiveCfg = Debug|Any CPU
		{28420B46-B59E-4855-BB54-58CBEF3F610A}.Debug|Any CPU.Build.0 = Debug|Any CPU
		{28420B46-B59E-4855-BB54-58CBEF3F610A}.Release|Any CPU.ActiveCfg = Release|Any CPU
		{28420B46-B59E-4855-BB54-58CBEF3F610A}.Release|Any CPU.Build.0 = Release|Any CPU
	EndGlobalSection
	GlobalSection(SolutionProperties) = preSolution
		HideSolutionNode = FALSE
	EndGlobalSection
	GlobalSection(ExtensibilityGlobals) = postSolution
		SolutionGuid = {558A6365-80C3-41CA-AB81-CC87C3EC4A2C}
	EndGlobalSection
EndGlobal
